
Microsoft Visual Studio Solution File, Format Version 12.00
# Visual Studio Version 17
VisualStudioVersion = 17.4.33103.184
MinimumVisualStudioVersion = 10.0.40219.1
Project("{9A19103F-16F7-4668-BE54-9A1E7A4F7556}") = "MooVC", "src\MooVC\MooVC.csproj", "{23EF98F1-FD69-4C34-885F-EC7D378DB6E5}"
EndProject
Project("{9A19103F-16F7-4668-BE54-9A1E7A4F7556}") = "MooVC.Tests", "src\MooVC.Tests\MooVC.Tests.csproj", "{8CE945D5-F3B9-42EA-95AA-6C72BD001EB4}"
EndProject
Project("{2150E333-8FDC-42A3-9474-1A3956D46DE8}") = "Solution Items", "Solution Items", "{BF41C794-0E91-44A2-8299-B7031DEF80C7}"
	ProjectSection(SolutionItems) = preProject
		.filenesting.json = .filenesting.json
		.gitignore = .gitignore
		.runsettings = .runsettings
		LICENSE = LICENSE
		README.md = README.md
	EndProjectSection
EndProject
Project("{2150E333-8FDC-42A3-9474-1A3956D46DE8}") = "Build", "Build", "{51E8218E-BACE-4FEA-B951-35DFD32FCA7E}"
	ProjectSection(SolutionItems) = preProject
		Directory.Build.props = Directory.Build.props
		Directory.Packages.props = Directory.Packages.props
		build\libraries.props = build\libraries.props
		build\tests.props = build\tests.props
	EndProjectSection
EndProject
Project("{2150E333-8FDC-42A3-9474-1A3956D46DE8}") = "Analyzers", "Analyzers", "{7755FACA-C000-4C6F-8047-56E0112603FF}"
	ProjectSection(SolutionItems) = preProject
		.editorconfig = .editorconfig
		analyzers\stylecop.code.ruleset = analyzers\stylecop.code.ruleset
		analyzers\stylecop.tests.ruleset = analyzers\stylecop.tests.ruleset
	EndProjectSection
EndProject
Project("{2150E333-8FDC-42A3-9474-1A3956D46DE8}") = "Actions", "Actions", "{722D825D-92CB-4C60-AA2A-B97C3CB9F047}"
	ProjectSection(SolutionItems) = preProject
		.github\workflows\cd.yml = .github\workflows\cd.yml
		.github\workflows\ci.yml = .github\workflows\ci.yml
		.github\workflows\codeql.yml = .github\workflows\codeql.yml
		.github\dependabot.yml = .github\dependabot.yml
	EndProjectSection
EndProject
Global
	GlobalSection(SolutionConfigurationPlatforms) = preSolution
		Debug|Any CPU = Debug|Any CPU
		Release|Any CPU = Release|Any CPU
	EndGlobalSection
	GlobalSection(ProjectConfigurationPlatforms) = postSolution
		{23EF98F1-FD69-4C34-885F-EC7D378DB6E5}.Debug|Any CPU.ActiveCfg = Debug|Any CPU
		{23EF98F1-FD69-4C34-885F-EC7D378DB6E5}.Debug|Any CPU.Build.0 = Debug|Any CPU
		{23EF98F1-FD69-4C34-885F-EC7D378DB6E5}.Release|Any CPU.ActiveCfg = Release|Any CPU
		{23EF98F1-FD69-4C34-885F-EC7D378DB6E5}.Release|Any CPU.Build.0 = Release|Any CPU
		{8CE945D5-F3B9-42EA-95AA-6C72BD001EB4}.Debug|Any CPU.ActiveCfg = Debug|Any CPU
		{8CE945D5-F3B9-42EA-95AA-6C72BD001EB4}.Debug|Any CPU.Build.0 = Debug|Any CPU
		{8CE945D5-F3B9-42EA-95AA-6C72BD001EB4}.Release|Any CPU.ActiveCfg = Release|Any CPU
		{8CE945D5-F3B9-42EA-95AA-6C72BD001EB4}.Release|Any CPU.Build.0 = Release|Any CPU
	EndGlobalSection
	GlobalSection(SolutionProperties) = preSolution
		HideSolutionNode = FALSE
	EndGlobalSection
	GlobalSection(ExtensibilityGlobals) = postSolution
		SolutionGuid = {C3D6A73C-05FC-4854-AA9D-8A0A190525E3}
	EndGlobalSection
EndGlobal
